
Microsoft Visual Studio Solution File, Format Version 12.00
# Visual Studio Version 17
VisualStudioVersion = 17.10.35013.160
MinimumVisualStudioVersion = 10.0.40219.1
Project("{FAE04EC0-301F-11D3-BF4B-00C04F79EFBC}") = "finalOOP", "finalOOP\finalOOP.csproj", "{1FFBE82B-A1D8-4684-8D08-2383F4884F90}"
EndProject
Global
	GlobalSection(SolutionConfigurationPlatforms) = preSolution
		Debug|Any CPU = Debug|Any CPU
		Release|Any CPU = Release|Any CPU
	EndGlobalSection
	GlobalSection(ProjectConfigurationPlatforms) = postSolution
		{1FFBE82B-A1D8-4684-8D08-2383F4884F90}.Debug|Any CPU.ActiveCfg = Debug|Any CPU
		{1FFBE82B-A1D8-4684-8D08-2383F4884F90}.Debug|Any CPU.Build.0 = Debug|Any CPU
		{1FFBE82B-A1D8-4684-8D08-2383F4884F90}.Release|Any CPU.ActiveCfg = Release|Any CPU
		{1FFBE82B-A1D8-4684-8D08-2383F4884F90}.Release|Any CPU.Build.0 = Release|Any CPU
	EndGlobalSection
	GlobalSection(SolutionProperties) = preSolution
		HideSolutionNode = FALSE
	EndGlobalSection
	GlobalSection(ExtensibilityGlobals) = postSolution
		SolutionGuid = {A30204BD-6627-438E-B18A-5923C69C004D}
	EndGlobalSection
EndGlobal
